<?xml version="1.0" encoding="utf-8"?>
<Project ToolsVersion="4.0" xmlns="http://schemas.microsoft.com/developer/msbuild/2003">
  <ItemGroup>
    <Filter Include="Source Files">
      <UniqueIdentifier>{7f2021d8-6387-4cc0-88f1-1e0fdbf27394}</UniqueIdentifier>
      <Extensions>cpp;c;cxx;rc;def;r;odl;idl;hpj;bat</Extensions>
    </Filter>
    <Filter Include="Header Files">
      <UniqueIdentifier>{c4a6ce47-db0d-464d-aaca-bed97e022b1c}</UniqueIdentifier>
      <Extensions>h;hpp;hxx;hm;inl</Extensions>
    </Filter>
    <Filter Include="Resource Files">
      <UniqueIdentifier>{012ce990-f5e8-4460-bc59-f5c9581946e7}</UniqueIdentifier>
      <Extensions>ico;cur;bmp;dlg;rc2;rct;bin;rgs;gif;jpg;jpeg;jpe</Extensions>
    </Filter>
  </ItemGroup>
  <ItemGroup>
    <ClCompile Include="CommonFunc.cpp">
      <Filter>Source Files</Filter>
    </ClCompile>
    <ClCompile Include="DtProxyDll.cpp">
      <Filter>Source Files</Filter>
    </ClCompile>
    <ClCompile Include="cmarkup\Markup.cpp">
      <Filter>Source Files</Filter>
    </ClCompile>
    <ClCompile Include="NewLogFile.cpp">
      <Filter>Source Files</Filter>
    </ClCompile>
    <ClCompile Include="StdAfx.cpp">
      <Filter>Source Files</Filter>
    </ClCompile>
  </ItemGroup>
  <ItemGroup>
    <None Include="DtProxyDll.def">
      <Filter>Source Files</Filter>
    </None>
    <None Include="res\DtProxyDll.rc2">
      <Filter>Resource Files</Filter>
    </None>
    <None Include="DtProxyDll.ini" />
    <None Include="HLRConfig.ini" />
  </ItemGroup>
  <ItemGroup>
    <ResourceCompile Include="DtProxyDll.rc">
      <Filter>Source Files</Filter>
    </ResourceCompile>
  </ItemGroup>
  <ItemGroup>
    <ClInclude Include="ApplyProtocol.h">
      <Filter>Header Files</Filter>
    </ClInclude>
    <ClInclude Include="CommonFunc.h">
      <Filter>Header Files</Filter>
    </ClInclude>
    <ClInclude Include="DtProxyDll.h">
      <Filter>Header Files</Filter>
    </ClInclude>
    <ClInclude Include="cmarkup\Markup.h">
      <Filter>Header Files</Filter>
    </ClInclude>
    <ClInclude Include="NewLogFile.h">
      <Filter>Header Files</Filter>
    </ClInclude>
    <ClInclude Include="ParamConfig.h">
      <Filter>Header Files</Filter>
    </ClInclude>
    <ClInclude Include="Resource.h">
      <Filter>Header Files</Filter>
    </ClInclude>
    <ClInclude Include="SPCallProtocol.h">
      <Filter>Header Files</Filter>
    </ClInclude>
    <ClInclude Include="StdAfx.h">
      <Filter>Header Files</Filter>
    </ClInclude>
  </ItemGroup>
  <ItemGroup>
    <Text Include="ReadMe.txt" />
  </ItemGroup>
</Project>